{
  "object": {
    "pins": [
      {
        "package": "Async",
        "repositoryURL": "https://github.com/vapor/async.git",
        "state": {
          "branch": null,
          "revision": "76ed7841b32dcc47168e8d9040ba03c024224d0c",
          "version": "1.0.0-rc.1.1"
        }
      },
      {
        "package": "Core",
        "repositoryURL": "https://github.com/vapor/core.git",
        "state": {
          "branch": null,
          "revision": "89c6989fd8b1e08acfd198afba1c38971bb814b2",
          "version": "3.10.1"
        }
      },
      {
        "package": "MimeType",
        "repositoryURL": "https://github.com/norio-nomura/MimeType.git",
        "state": {
          "branch": null,
          "revision": "06d5c02cd1691d27d1d95573f0df025b83a66d38",
          "version": "1.0.1"
        }
      },
      {
        "package": "Sockets",
        "repositoryURL": "https://github.com/vapor/sockets.git",
        "state": {
          "branch": null,
          "revision": "738f3ebf3ebb8ea886d5dd8588dd46a54f66af1c",
          "version": "2.2.4"
        }
      },
      {
        "package": "Sodium",
        "repositoryURL": "https://github.com/norio-nomura/Sodium.git",
        "state": {
          "branch": null,
          "revision": "5c1db16038c649ea15f653fb0e7e095a4bb10c05",
          "version": "1.1.1"
        }
      },
      {
        "package": "Starscream",
        "repositoryURL": "https://github.com/daltoniam/Starscream.git",
        "state": {
          "branch": null,
          "revision": "e6b65c6d9077ea48b4a7bdda8994a1d3c6969c8d",
          "version": "3.1.1"
        }
      },
      {
        "package": "swift-nio",
        "repositoryURL": "https://github.com/apple/swift-nio.git",
        "state": {
          "branch": null,
          "revision": "546610d52b19be3e19935e0880bb06b9c03f5cef",
          "version": "1.14.4"
        }
      },
      {
        "package": "swift-nio-zlib-support",
        "repositoryURL": "https://github.com/apple/swift-nio-zlib-support.git",
        "state": {
          "branch": null,
          "revision": "37760e9a52030bb9011972c5213c3350fa9d41fd",
          "version": "1.0.0"
        }
      },
      {
        "package": "SwiftBacktrace",
        "repositoryURL": "https://github.com/norio-nomura/SwiftBacktrace",
        "state": {
          "branch": null,
          "revision": "1b4bbe87c19d5e2e04786d8140ab36fec4b7881b",
          "version": "1.0.1"
        }
      },
      {
        "package": "Sword",
        "repositoryURL": "https://github.com/norio-nomura/Sword",
        "state": {
          "branch": "patch-for-swift-bot",
          "revision": "c97eb02705fe2bf147e1e2621874afeb73563787",
          "version": null
        }
      },
      {
        "package": "Yams",
        "repositoryURL": "https://github.com/jpsim/Yams",
        "state": {
          "branch": null,
          "revision": "81a65c4069c28011ee432f2858ba0de49b086677",
          "version": "3.0.1"
        }
      }
    ]
  },
  "version": 1
}
